
Microsoft Visual Studio Solution File, Format Version 12.00
# Visual Studio 14
VisualStudioVersion = 14.0.24720.0
MinimumVisualStudioVersion = 10.0.40219.1
Project("{FAE04EC0-301F-11D3-BF4B-00C04F79EFBC}") = "MTDshop", "MTDshop\MTDshop.csproj", "{A61AAE17-65CF-41C3-951A-4D3B873E718B}"
EndProject
Global
	GlobalSection(SolutionConfigurationPlatforms) = preSolution
		Debug|Any CPU = Debug|Any CPU
		Release|Any CPU = Release|Any CPU
	EndGlobalSection
	GlobalSection(ProjectConfigurationPlatforms) = postSolution
		{A61AAE17-65CF-41C3-951A-4D3B873E718B}.Debug|Any CPU.ActiveCfg = Debug|Any CPU
		{A61AAE17-65CF-41C3-951A-4D3B873E718B}.Debug|Any CPU.Build.0 = Debug|Any CPU
		{A61AAE17-65CF-41C3-951A-4D3B873E718B}.Release|Any CPU.ActiveCfg = Release|Any CPU
		{A61AAE17-65CF-41C3-951A-4D3B873E718B}.Release|Any CPU.Build.0 = Release|Any CPU
	EndGlobalSection
	GlobalSection(SolutionProperties) = preSolution
		HideSolutionNode = FALSE
	EndGlobalSection
EndGlobal
